{
  "name": "@fixtures/projects-root",
  "version": "0.0.0",
  "lockfileVersion": 3,
  "requires": true,
  "packages": {
    "": {
      "name": "@fixtures/projects-root",
      "version": "0.0.0",
      "workspaces": [
        "*/packages/*/*",
        "*/app",
        "image-tree--no-dist/packages/contracts",
        "image-tree--no-dist/packages/overseer"
      ],
      "devDependencies": {
        "@types/node": "^22.10.0",
        "typescript": "^5.7.2"
      }
    },
    "barrel--invalid/packages/common/broken": {
      "name": "@fx-barrel/broken",
      "version": "0.0.0"
    },
    "build-order--cycle/packages/common/a": {
      "name": "@fx-buildordercycle/a",
      "version": "0.0.0",
      "dependencies": {
        "@fx-buildordercycle/b": "*"
      }
    },
    "build-order--cycle/packages/common/b": {
      "name": "@fx-buildordercycle/b",
      "version": "0.0.0",
      "dependencies": {
        "@fx-buildordercycle/a": "*"
      }
    },
    "build-order--cycle/packages/microservices/svc1": {
      "name": "@fx-buildordercycle/svc1",
      "version": "0.0.0"
    },
    "build-order--failed/packages/microservices/svc1": {
      "name": "@fx-buildorderfailed/svc1",
      "version": "0.0.0"
    },
    "build-order--prerequisite/packages/microservices/svca": {
      "name": "@fx-buildorderprereq/svca",
      "version": "0.0.0",
      "dependencies": {
        "@fx-buildorderprereq/svcb": "*"
      }
    },
    "build-order--prerequisite/packages/microservices/svcb": {
      "name": "@fx-buildorderprereq/svcb",
      "version": "0.0.0"
    },
    "deps--common-to-spa/packages/common/lib": {
      "name": "@fx-c2s/lib",
      "version": "0.0.0",
      "dependencies": {
        "@fx-c2s/web": "*"
      }
    },
    "deps--common-to-spa/packages/microservices/svc1": {
      "name": "@fx-c2s/svc1",
      "version": "0.0.0",
      "dependencies": {
        "@fx-c2s/lib": "*"
      }
    },
    "deps--common-to-spa/packages/spa/web": {
      "name": "@fx-c2s/web",
      "version": "0.0.0"
    },
    "deps--cycle/packages/common/a": {
      "name": "@fx-cycle/a",
      "version": "0.0.0",
      "dependencies": {
        "@fx-cycle/b": "*"
      }
    },
    "deps--cycle/packages/common/b": {
      "name": "@fx-cycle/b",
      "version": "0.0.0",
      "dependencies": {
        "@fx-cycle/a": "*"
      }
    },
    "deps--cycle/packages/microservices/svc1": {
      "name": "@fx-cycle/svc1",
      "version": "0.0.0",
      "dependencies": {
        "@fx-cycle/a": "*"
      }
    },
    "deps--direction/packages/common/lib": {
      "name": "@fx-direction/lib",
      "version": "0.0.0",
      "dependencies": {
        "@fx-direction/svc1": "*"
      }
    },
    "deps--direction/packages/microservices/svc1": {
      "name": "@fx-direction/svc1",
      "version": "0.0.0"
    },
    "deps--peer/packages/microservices/svc1": {
      "name": "@fx-peerdep/svc1",
      "version": "0.0.0",
      "dependencies": {
        "@fx-peerdep/svc2": "*"
      }
    },
    "deps--peer/packages/microservices/svc2": {
      "name": "@fx-peerdep/svc2",
      "version": "0.0.0"
    },
    "deps--spa-to-spa/packages/microservices/svc1": {
      "name": "@fx-s2s/svc1",
      "version": "0.0.0",
      "dependencies": {
        "@fx-s2s/web1": "*"
      }
    },
    "deps--spa-to-spa/packages/spa/web1": {
      "name": "@fx-s2s/web1",
      "version": "0.0.0",
      "dependencies": {
        "@fx-s2s/web2": "*"
      }
    },
    "deps--spa-to-spa/packages/spa/web2": {
      "name": "@fx-s2s/web2",
      "version": "0.0.0"
    },
    "entry-registry--absent/app": {
      "name": "@fx-entryreg/app",
      "version": "0.0.0"
    },
    "entry-registry--absent/packages/microservices/svc1": {
      "name": "@fx-entryreg/svc1",
      "version": "0.0.0"
    },
    "framework--missing/packages/microservices/svc1": {
      "name": "@fx-frameworkmissing/svc1",
      "version": "0.0.0"
    },
    "image-tree--no-dist/app": {
      "name": "@fx-imgnodist/app",
      "version": "0.0.0",
      "dependencies": {
        "@fx-imgnodist/contracts": "*",
        "@fx-imgnodist/overseer": "*"
      }
    },
    "image-tree--no-dist/packages/contracts": {
      "name": "@fx-imgnodist/contracts",
      "version": "0.0.0"
    },
    "image-tree--no-dist/packages/microservices/svc1": {
      "name": "@fx-imgnodist/svc1",
      "version": "0.0.0",
      "dependencies": {
        "@fx-imgnodist/demo": "*"
      }
    },
    "image-tree--no-dist/packages/overseer": {
      "name": "@fx-imgnodist/overseer",
      "version": "0.0.0",
      "dependencies": {
        "@fx-imgnodist/contracts": "*"
      }
    },
    "image-tree--no-dist/packages/spa/demo": {
      "name": "@fx-imgnodist/demo",
      "version": "0.0.0"
    },
    "imports--escape/packages/microservices/svc1": {
      "name": "@fx-escape/svc1",
      "version": "0.0.0"
    },
    "imports--peer/packages/microservices/svc1": {
      "name": "@fx-peer/svc1",
      "version": "0.0.0"
    },
    "imports--peer/packages/microservices/svc2": {
      "name": "@fx-peer/svc2",
      "version": "0.0.0"
    },
    "imports--spa/packages/microservices/svc1": {
      "name": "@fx-spa/svc1",
      "version": "0.0.0"
    },
    "imports--spa/packages/spa/web": {
      "name": "@fx-spa/web",
      "version": "0.0.0"
    },
    "node_modules/@fx-barrel/broken": {
      "resolved": "barrel--invalid/packages/common/broken",
      "link": true
    },
    "node_modules/@fx-buildordercycle/a": {
      "resolved": "build-order--cycle/packages/common/a",
      "link": true
    },
    "node_modules/@fx-buildordercycle/b": {
      "resolved": "build-order--cycle/packages/common/b",
      "link": true
    },
    "node_modules/@fx-buildordercycle/svc1": {
      "resolved": "build-order--cycle/packages/microservices/svc1",
      "link": true
    },
    "node_modules/@fx-buildorderfailed/svc1": {
      "resolved": "build-order--failed/packages/microservices/svc1",
      "link": true
    },
    "node_modules/@fx-buildorderprereq/svca": {
      "resolved": "build-order--prerequisite/packages/microservices/svca",
      "link": true
    },
    "node_modules/@fx-buildorderprereq/svcb": {
      "resolved": "build-order--prerequisite/packages/microservices/svcb",
      "link": true
    },
    "node_modules/@fx-c2s/lib": {
      "resolved": "deps--common-to-spa/packages/common/lib",
      "link": true
    },
    "node_modules/@fx-c2s/svc1": {
      "resolved": "deps--common-to-spa/packages/microservices/svc1",
      "link": true
    },
    "node_modules/@fx-c2s/web": {
      "resolved": "deps--common-to-spa/packages/spa/web",
      "link": true
    },
    "node_modules/@fx-coverage/svc1": {
      "resolved": "workspaces--coverage/packages/microservices/svc1",
      "link": true
    },
    "node_modules/@fx-cycle/a": {
      "resolved": "deps--cycle/packages/common/a",
      "link": true
    },
    "node_modules/@fx-cycle/b": {
      "resolved": "deps--cycle/packages/common/b",
      "link": true
    },
    "node_modules/@fx-cycle/svc1": {
      "resolved": "deps--cycle/packages/microservices/svc1",
      "link": true
    },
    "node_modules/@fx-direction/lib": {
      "resolved": "deps--direction/packages/common/lib",
      "link": true
    },
    "node_modules/@fx-direction/svc1": {
      "resolved": "deps--direction/packages/microservices/svc1",
      "link": true
    },
    "node_modules/@fx-entryreg/app": {
      "resolved": "entry-registry--absent/app",
      "link": true
    },
    "node_modules/@fx-entryreg/svc1": {
      "resolved": "entry-registry--absent/packages/microservices/svc1",
      "link": true
    },
    "node_modules/@fx-escape/svc1": {
      "resolved": "imports--escape/packages/microservices/svc1",
      "link": true
    },
    "node_modules/@fx-frameworkmissing/svc1": {
      "resolved": "framework--missing/packages/microservices/svc1",
      "link": true
    },
    "node_modules/@fx-imgnodist/app": {
      "resolved": "image-tree--no-dist/app",
      "link": true
    },
    "node_modules/@fx-imgnodist/contracts": {
      "resolved": "image-tree--no-dist/packages/contracts",
      "link": true
    },
    "node_modules/@fx-imgnodist/demo": {
      "resolved": "image-tree--no-dist/packages/spa/demo",
      "link": true
    },
    "node_modules/@fx-imgnodist/overseer": {
      "resolved": "image-tree--no-dist/packages/overseer",
      "link": true
    },
    "node_modules/@fx-imgnodist/svc1": {
      "resolved": "image-tree--no-dist/packages/microservices/svc1",
      "link": true
    },
    "node_modules/@fx-peer/svc1": {
      "resolved": "imports--peer/packages/microservices/svc1",
      "link": true
    },
    "node_modules/@fx-peer/svc2": {
      "resolved": "imports--peer/packages/microservices/svc2",
      "link": true
    },
    "node_modules/@fx-peerdep/svc1": {
      "resolved": "deps--peer/packages/microservices/svc1",
      "link": true
    },
    "node_modules/@fx-peerdep/svc2": {
      "resolved": "deps--peer/packages/microservices/svc2",
      "link": true
    },
    "node_modules/@fx-s2s/svc1": {
      "resolved": "deps--spa-to-spa/packages/microservices/svc1",
      "link": true
    },
    "node_modules/@fx-s2s/web1": {
      "resolved": "deps--spa-to-spa/packages/spa/web1",
      "link": true
    },
    "node_modules/@fx-s2s/web2": {
      "resolved": "deps--spa-to-spa/packages/spa/web2",
      "link": true
    },
    "node_modules/@fx-spa/svc1": {
      "resolved": "imports--spa/packages/microservices/svc1",
      "link": true
    },
    "node_modules/@fx-spa/web": {
      "resolved": "imports--spa/packages/spa/web",
      "link": true
    },
    "node_modules/@fx-tsabsent/svc1": {
      "resolved": "tsconfig--absent/packages/microservices/svc1",
      "link": true
    },
    "node_modules/@fx-tssetting/svc1": {
      "resolved": "tsconfig--setting/packages/microservices/svc1",
      "link": true
    },
    "node_modules/@fx-tsunresolvable/svc1": {
      "resolved": "tsconfig--unresolvable/packages/microservices/svc1",
      "link": true
    },
    "node_modules/@fx-unresolved/ghost": {
      "resolved": "shared--unresolved/stubs/ghost",
      "link": true
    },
    "node_modules/@fx-unresolved/svc1": {
      "resolved": "shared--unresolved/packages/microservices/svc1",
      "link": true
    },
    "node_modules/@types/node": {
      "version": "22.20.1",
      "resolved": "https://registry.npmjs.org/@types/node/-/node-22.20.1.tgz",
      "integrity": "sha512-EANqOCF9QFyra+4pfxUcX9STKJpCLjMbObVzljIJomAWSnuSIEAvyzEU53GaajbXJEgdh0iEcPL+DGvpUd4k1Q==",
      "dev": true,
      "license": "MIT",
      "dependencies": {
        "undici-types": "~6.21.0"
      }
    },
    "node_modules/typescript": {
      "version": "5.9.3",
      "resolved": "https://registry.npmjs.org/typescript/-/typescript-5.9.3.tgz",
      "integrity": "sha512-jl1vZzPDinLr9eUt3J/t7V6FgNEw9QjvBPdysz9KfQDD41fQrC2Y4vKQdiaUpFT4bXlb1RHhLpp8wtm6M5TgSw==",
      "dev": true,
      "license": "Apache-2.0",
      "bin": {
        "tsc": "bin/tsc",
        "tsserver": "bin/tsserver"
      },
      "engines": {
        "node": ">=14.17"
      }
    },
    "node_modules/undici-types": {
      "version": "6.21.0",
      "resolved": "https://registry.npmjs.org/undici-types/-/undici-types-6.21.0.tgz",
      "integrity": "sha512-iwDZqg0QAGrg9Rav5H4n0M64c3mkR59cJ6wQp+7C4nI0gsmExaedaYLNO44eT4AtBBwjbTiGPMlt2Md0T9H9JQ==",
      "dev": true,
      "license": "MIT"
    },
    "shared--unresolved/packages/microservices/svc1": {
      "name": "@fx-unresolved/svc1",
      "version": "0.0.0",
      "dependencies": {
        "@fx-unresolved/ghost": "file:../../../stubs/ghost"
      }
    },
    "shared--unresolved/stubs/ghost": {
      "name": "@fx-unresolved/ghost",
      "version": "0.0.0"
    },
    "tsconfig--absent/packages/microservices/svc1": {
      "name": "@fx-tsabsent/svc1",
      "version": "0.0.0"
    },
    "tsconfig--setting/packages/microservices/svc1": {
      "name": "@fx-tssetting/svc1",
      "version": "0.0.0"
    },
    "tsconfig--unresolvable/packages/microservices/svc1": {
      "name": "@fx-tsunresolvable/svc1",
      "version": "0.0.0"
    },
    "workspaces--coverage/packages/microservices/svc1": {
      "name": "@fx-coverage/svc1",
      "version": "0.0.0"
    }
  }
}
